
Microsoft Visual Studio Solution File, Format Version 12.00
# Visual Studio Version 16
VisualStudioVersion = 16.0.30709.132
MinimumVisualStudioVersion = 10.0.40219.1
Project("{8BC9CEB8-8B4A-11D0-8D11-00A0C91BC942}") = "GameEngineGEAN", "GameEngineGEAN.vcxproj", "{17546611-0D19-4F05-B2A2-CCD3EB1BCF39}"
EndProject
Global
	GlobalSection(SolutionConfigurationPlatforms) = preSolution
		Debug|x64 = Debug|x64
		Debug|x86 = Debug|x86
		Release|x64 = Release|x64
		Release|x86 = Release|x86
	EndGlobalSection
	GlobalSection(ProjectConfigurationPlatforms) = postSolution
		{17546611-0D19-4F05-B2A2-CCD3EB1BCF39}.Debug|x64.ActiveCfg = Debug|x64
		{17546611-0D19-4F05-B2A2-CCD3EB1BCF39}.Debug|x64.Build.0 = Debug|x64
		{17546611-0D19-4F05-B2A2-CCD3EB1BCF39}.Debug|x86.ActiveCfg = Debug|Win32
		{17546611-0D19-4F05-B2A2-CCD3EB1BCF39}.Debug|x86.Build.0 = Debug|Win32
		{17546611-0D19-4F05-B2A2-CCD3EB1BCF39}.Release|x64.ActiveCfg = Release|x64
		{17546611-0D19-4F05-B2A2-CCD3EB1BCF39}.Release|x64.Build.0 = Release|x64
		{17546611-0D19-4F05-B2A2-CCD3EB1BCF39}.Release|x86.ActiveCfg = Release|Win32
		{17546611-0D19-4F05-B2A2-CCD3EB1BCF39}.Release|x86.Build.0 = Release|Win32
	EndGlobalSection
	GlobalSection(SolutionProperties) = preSolution
		HideSolutionNode = FALSE
	EndGlobalSection
	GlobalSection(ExtensibilityGlobals) = postSolution
		SolutionGuid = {0BEB8E0A-C3B3-41BA-A9FD-E38FA4A09F4C}
	EndGlobalSection
EndGlobal
